
Microsoft Visual Studio Solution File, Format Version 12.00
# Visual Studio Version 17
VisualStudioVersion = 17.7.34221.43
MinimumVisualStudioVersion = 10.0.40219.1
Project("{FAE04EC0-301F-11D3-BF4B-00C04F79EFBC}") = "charornek", "charornek\charornek.csproj", "{2D988378-29D2-4837-9C14-364D20D4370B}"
EndProject
Global
	GlobalSection(SolutionConfigurationPlatforms) = preSolution
		Debug|Any CPU = Debug|Any CPU
		Release|Any CPU = Release|Any CPU
	EndGlobalSection
	GlobalSection(ProjectConfigurationPlatforms) = postSolution
		{2D988378-29D2-4837-9C14-364D20D4370B}.Debug|Any CPU.ActiveCfg = Debug|Any CPU
		{2D988378-29D2-4837-9C14-364D20D4370B}.Debug|Any CPU.Build.0 = Debug|Any CPU
		{2D988378-29D2-4837-9C14-364D20D4370B}.Release|Any CPU.ActiveCfg = Release|Any CPU
		{2D988378-29D2-4837-9C14-364D20D4370B}.Release|Any CPU.Build.0 = Release|Any CPU
	EndGlobalSection
	GlobalSection(SolutionProperties) = preSolution
		HideSolutionNode = FALSE
	EndGlobalSection
	GlobalSection(ExtensibilityGlobals) = postSolution
		SolutionGuid = {18F07BE0-E021-4861-80AE-6CCD7FA84886}
	EndGlobalSection
EndGlobal
